
Microsoft Visual Studio Solution File, Format Version 12.00
# Visual Studio Version 16
VisualStudioVersion = 16.0.30320.27
MinimumVisualStudioVersion = 10.0.40219.1
Project("{8BC9CEB8-8B4A-11D0-8D11-00A0C91BC942}") = "After Midterm week1", "After Midterm week1\After Midterm week1.vcxproj", "{C0A474E4-4461-4A44-9812-EDF82A704FE9}"
EndProject
Global
	GlobalSection(SolutionConfigurationPlatforms) = preSolution
		Debug|x64 = Debug|x64
		Debug|x86 = Debug|x86
		Release|x64 = Release|x64
		Release|x86 = Release|x86
	EndGlobalSection
	GlobalSection(ProjectConfigurationPlatforms) = postSolution
		{C0A474E4-4461-4A44-9812-EDF82A704FE9}.Debug|x64.ActiveCfg = Debug|x64
		{C0A474E4-4461-4A44-9812-EDF82A704FE9}.Debug|x64.Build.0 = Debug|x64
		{C0A474E4-4461-4A44-9812-EDF82A704FE9}.Debug|x86.ActiveCfg = Debug|Win32
		{C0A474E4-4461-4A44-9812-EDF82A704FE9}.Debug|x86.Build.0 = Debug|Win32
		{C0A474E4-4461-4A44-9812-EDF82A704FE9}.Release|x64.ActiveCfg = Release|x64
		{C0A474E4-4461-4A44-9812-EDF82A704FE9}.Release|x64.Build.0 = Release|x64
		{C0A474E4-4461-4A44-9812-EDF82A704FE9}.Release|x86.ActiveCfg = Release|Win32
		{C0A474E4-4461-4A44-9812-EDF82A704FE9}.Release|x86.Build.0 = Release|Win32
	EndGlobalSection
	GlobalSection(SolutionProperties) = preSolution
		HideSolutionNode = FALSE
	EndGlobalSection
	GlobalSection(ExtensibilityGlobals) = postSolution
		SolutionGuid = {48DB8171-E309-4936-A0B9-C52DAABE2167}
	EndGlobalSection
EndGlobal
